// !$*UTF8*$!
{
	archiveVersion = 1;
	classes = {
	};
	objectVersion = 46;
	objects = {

/* Begin PBXBuildFile section */
		A1D2686A1B6CE3FE0042FBB8 /* AppDelegate.swift in Sources */ = {isa = PBXBuildFile; fileRef = A1D268691B6CE3FE0042FBB8 /* AppDelegate.swift */; };
		A1D2686C1B6CE3FE0042FBB8 /* ViewController.swift in Sources */ = {isa = PBXBuildFile; fileRef = A1D2686B1B6CE3FE0042FBB8 /* ViewController.swift */; };
		A1D2686F1B6CE3FE0042FBB8 /* Main.storyboard in Resources */ = {isa = PBXBuildFile; fileRef = A1D2686D1B6CE3FE0042FBB8 /* Main.storyboard */; };
		A1D268711B6CE3FE0042FBB8 /* Images.xcassets in Resources */ = {isa = PBXBuildFile; fileRef = A1D268701B6CE3FE0042FBB8 /* Images.xcassets */; };
		A1D268741B6CE3FE0042FBB8 /* LaunchScreen.xib in Resources */ = {isa = PBXBuildFile; fileRef = A1D268721B6CE3FE0042FBB8 /* LaunchScreen.xib */; };
		A1D268801B6CE3FF0042FBB8 /* timeSlotApplicationTests.swift in Sources */ = {isa = PBXBuildFile; fileRef = A1D2687F1B6CE3FF0042FBB8 /* timeSlotApplicationTests.swift */; };
/* End PBXBuildFile section */

/* Begin PBXContainerItemProxy section */
		A1D2687A1B6CE3FE0042FBB8 /* PBXContainerItemProxy */ = {
			isa = PBXContainerItemProxy;
			containerPortal = A1D2685C1B6CE3FE0042FBB8 /* Project object */;
			proxyType = 1;
			remoteGlobalIDString = A1D268631B6CE3FE0042FBB8;
			remoteInfo = timeSlotApplication;
		};
/* End PBXContainerItemProxy section */

/* Begin PBXFileReference section */
		A1D268641B6CE3FE0042FBB8 /* timeSlotApplication.app */ = {isa = PBXFileReference; explicitFileType = wrapper.application; includeInIndex = 0; path = timeSlotApplication.app; sourceTree = BUILT_PRODUCTS_DIR; };
		A1D268681B6CE3FE0042FBB8 /* Info.plist */ = {isa = PBXFileReference; lastKnownFileType = text.plist.xml; path = Info.plist; sourceTree = "<group>"; };
		A1D268691B6CE3FE0042FBB8 /* AppDelegate.swift */ = {isa = PBXFileReference; lastKnownFileType = sourcecode.swift; path = AppDelegate.swift; sourceTree = "<group>"; };
		A1D2686B1B6CE3FE0042FBB8 /* ViewController.swift */ = {isa = PBXFileReference; lastKnownFileType = sourcecode.swift; path = ViewController.swift; sourceTree = "<group>"; };
		A1D2686E1B6CE3FE0042FBB8 /* Base */ = {isa = PBXFileReference; lastKnownFileType = file.storyboard; name = Base; path = Base.lproj/Main.storyboard; sourceTree = "<group>"; };
		A1D268701B6CE3FE0042FBB8 /* Images.xcassets */ = {isa = PBXFileReference; lastKnownFileType = folder.assetcatalog; path = Images.xcassets; sourceTree = "<group>"; };
		A1D268731B6CE3FE0042FBB8 /* Base */ = {isa = PBXFileReference; lastKnownFileType = file.xib; name = Base; path = Base.lproj/LaunchScreen.xib; sourceTree = "<group>"; };
		A1D268791B6CE3FE0042FBB8 /* timeSlotApplicationTests.xctest */ = {isa = PBXFileReference; explicitFileType = wrapper.cfbundle; includeInIndex = 0; path = timeSlotApplicationTests.xctest; sourceTree = BUILT_PRODUCTS_DIR; };
		A1D2687E1B6CE3FF0042FBB8 /* Info.plist */ = {isa = PBXFileReference; lastKnownFileType = text.plist.xml; path = Info.plist; sourceTree = "<group>"; };
		A1D2687F1B6CE3FF0042FBB8 /* timeSlotApplicationTests.swift */ = {isa = PBXFileReference; lastKnownFileType = sourcecode.swift; path = timeSlotApplicationTests.swift; sourceTree = "<group>"; };
/* End PBXFileReference section */

/* Begin PBXFrameworksBuildPhase section */
		A1D268611B6CE3FE0042FBB8 /* Frameworks */ = {
			isa = PBXFrameworksBuildPhase;
			buildActionMask = 2147483647;
			files = (
			);
			runOnlyForDeploymentPostprocessing = 0;
		};
		A1D268761B6CE3FE0042FBB8 /* Frameworks */ = {
			isa = PBXFrameworksBuildPhase;
			buildActionMask = 2147483647;
			files = (
			);
			runOnlyForDeploymentPostprocessing = 0;
		};
/* End PBXFrameworksBuildPhase section */

/* Begin PBXGroup section */
		A1D2685B1B6CE3FE0042FBB8 = {
			isa = PBXGroup;
			children = (
				A1D268661B6CE3FE0042FBB8 /* timeSlotApplication */,
				A1D2687C1B6CE3FF0042FBB8 /* timeSlotApplicationTests */,
				A1D268651B6CE3FE0042FBB8 /* Products */,
			);
			sourceTree = "<group>";
		};
		A1D268651B6CE3FE0042FBB8 /* Products */ = {
			isa = PBXGroup;
			children = (
				A1D268641B6CE3FE0042FBB8 /* timeSlotApplication.app */,
				A1D268791B6CE3FE0042FBB8 /* timeSlotApplicationTests.xctest */,
			);
			name = Products;
			sourceTree = "<group>";
		};
		A1D268661B6CE3FE0042FBB8 /* timeSlotApplication */ = {
			isa = PBXGroup;
			children = (
				A1D268691B6CE3FE0042FBB8 /* AppDelegate.swift */,
				A1D2686B1B6CE3FE0042FBB8 /* ViewController.swift */,
				A1D2686D1B6CE3FE0042FBB8 /* Main.storyboard */,
				A1D268701B6CE3FE0042FBB8 /* Images.xcassets */,
				A1D268721B6CE3FE0042FBB8 /* LaunchScreen.xib */,
				A1D268671B6CE3FE0042FBB8 /* Supporting Files */,
			);
			path = timeSlotApplication;
			sourceTree = "<group>";
		};
		A1D268671B6CE3FE0042FBB8 /* Supporting Files */ = {
			isa = PBXGroup;
			children = (
				A1D268681B6CE3FE0042FBB8 /* Info.plist */,
			);
			name = "Supporting Files";
			sourceTree = "<group>";
		};
		A1D2687C1B6CE3FF0042FBB8 /* timeSlotApplicationTests */ = {
			isa = PBXGroup;
			children = (
				A1D2687F1B6CE3FF0042FBB8 /* timeSlotApplicationTests.swift */,
				A1D2687D1B6CE3FF0042FBB8 /* Supporting Files */,
			);
			path = timeSlotApplicationTests;
			sourceTree = "<group>";
		};
		A1D2687D1B6CE3FF0042FBB8 /* Supporting Files */ = {
			isa = PBXGroup;
			children = (
				A1D2687E1B6CE3FF0042FBB8 /* Info.plist */,
			);
			name = "Supporting Files";
			sourceTree = "<group>";
		};
/* End PBXGroup section */

/* Begin PBXNativeTarget section */
		A1D268631B6CE3FE0042FBB8 /* timeSlotApplication */ = {
			isa = PBXNativeTarget;
			buildConfigurationList = A1D268831B6CE3FF0042FBB8 /* Build configuration list for PBXNativeTarget "timeSlotApplication" */;
			buildPhases = (
				A1D268601B6CE3FE0042FBB8 /* Sources */,
				A1D268611B6CE3FE0042FBB8 /* Frameworks */,
				A1D268621B6CE3FE0042FBB8 /* Resources */,
			);
			buildRules = (
			);
			dependencies = (
			);
			name = timeSlotApplication;
			productName = timeSlotApplication;
			productReference = A1D268641B6CE3FE0042FBB8 /* timeSlotApplication.app */;
			productType = "com.apple.product-type.application";
		};
		A1D268781B6CE3FE0042FBB8 /* timeSlotApplicationTests */ = {
			isa = PBXNativeTarget;
			buildConfigurationList = A1D268861B6CE3FF0042FBB8 /* Build configuration list for PBXNativeTarget "timeSlotApplicationTests" */;
			buildPhases = (
				A1D268751B6CE3FE0042FBB8 /* Sources */,
				A1D268761B6CE3FE0042FBB8 /* Frameworks */,
				A1D268771B6CE3FE0042FBB8 /* Resources */,
			);
			buildRules = (
			);
			dependencies = (
				A1D2687B1B6CE3FE0042FBB8 /* PBXTargetDependency */,
			);
			name = timeSlotApplicationTests;
			productName = timeSlotApplicationTests;
			productReference = A1D268791B6CE3FE0042FBB8 /* timeSlotApplicationTests.xctest */;
			productType = "com.apple.product-type.bundle.unit-test";
		};
/* End PBXNativeTarget section */

/* Begin PBXProject section */
		A1D2685C1B6CE3FE0042FBB8 /* Project object */ = {
			isa = PBXProject;
			attributes = {
				LastUpgradeCheck = 0610;
				ORGANIZATIONNAME = Tudip;
				TargetAttributes = {
					A1D268631B6CE3FE0042FBB8 = {
						CreatedOnToolsVersion = 6.1.1;
					};
					A1D268781B6CE3FE0042FBB8 = {
						CreatedOnToolsVersion = 6.1.1;
						TestTargetID = A1D268631B6CE3FE0042FBB8;
					};
				};
			};
			buildConfigurationList = A1D2685F1B6CE3FE0042FBB8 /* Build configuration list for PBXProject "timeSlotApplication" */;
			compatibilityVersion = "Xcode 3.2";
			developmentRegion = English;
			hasScannedForEncodings = 0;
			knownRegions = (
				en,
				Base,
			);
			mainGroup = A1D2685B1B6CE3FE0042FBB8;
			productRefGroup = A1D268651B6CE3FE0042FBB8 /* Products */;
			projectDirPath = "";
			projectRoot = "";
			targets = (
				A1D268631B6CE3FE0042FBB8 /* timeSlotApplication */,
				A1D268781B6CE3FE0042FBB8 /* timeSlotApplicationTests */,
			);
		};
/* End PBXProject section */

/* Begin PBXResourcesBuildPhase section */
		A1D268621B6CE3FE0042FBB8 /* Resources */ = {
			isa = PBXResourcesBuildPhase;
			buildActionMask = 2147483647;
			files = (
				A1D2686F1B6CE3FE0042FBB8 /* Main.storyboard in Resources */,
				A1D268741B6CE3FE0042FBB8 /* LaunchScreen.xib in Resources */,
				A1D268711B6CE3FE0042FBB8 /* Images.xcassets in Resources */,
			);
			runOnlyForDeploymentPostprocessing = 0;
		};
		A1D268771B6CE3FE0042FBB8 /* Resources */ = {
			isa = PBXResourcesBuildPhase;
			buildActionMask = 2147483647;
			files = (
			);
			runOnlyForDeploymentPostprocessing = 0;
		};
/* End PBXResourcesBuildPhase section */

/* Begin PBXSourcesBuildPhase section */
		A1D268601B6CE3FE0042FBB8 /* Sources */ = {
			isa = PBXSourcesBuildPhase;
			buildActionMask = 2147483647;
			files = (
				A1D2686C1B6CE3FE0042FBB8 /* ViewController.swift in Sources */,
				A1D2686A1B6CE3FE0042FBB8 /* AppDelegate.swift in Sources */,
			);
			runOnlyForDeploymentPostprocessing = 0;
		};
		A1D268751B6CE3FE0042FBB8 /* Sources */ = {
			isa = PBXSourcesBuildPhase;
			buildActionMask = 2147483647;
			files = (
				A1D268801B6CE3FF0042FBB8 /* timeSlotApplicationTests.swift in Sources */,
			);
			runOnlyForDeploymentPostprocessing = 0;
		};
/* End PBXSourcesBuildPhase section */

/* Begin PBXTargetDependency section */
		A1D2687B1B6CE3FE0042FBB8 /* PBXTargetDependency */ = {
			isa = PBXTargetDependency;
			target = A1D268631B6CE3FE0042FBB8 /* timeSlotApplication */;
			targetProxy = A1D2687A1B6CE3FE0042FBB8 /* PBXContainerItemProxy */;
		};
/* End PBXTargetDependency section */

/* Begin PBXVariantGroup section */
		A1D2686D1B6CE3FE0042FBB8 /* Main.storyboard */ = {
			isa = PBXVariantGroup;
			children = (
				A1D2686E1B6CE3FE0042FBB8 /* Base */,
			);
			name = Main.storyboard;
			sourceTree = "<group>";
		};
		A1D268721B6CE3FE0042FBB8 /* LaunchScreen.xib */ = {
			isa = PBXVariantGroup;
			children = (
				A1D268731B6CE3FE0042FBB8 /* Base */,
			);
			name = LaunchScreen.xib;
			sourceTree = "<group>";
		};
/* End PBXVariantGroup section */

/* Begin XCBuildConfiguration section */
		A1D268811B6CE3FF0042FBB8 /* Debug */ = {
			isa = XCBuildConfiguration;
			buildSettings = {
				ALWAYS_SEARCH_USER_PATHS = NO;
				CLANG_CXX_LANGUAGE_STANDARD = "gnu++0x";
				CLANG_CXX_LIBRARY = "libc++";
				CLANG_ENABLE_MODULES = YES;
				CLANG_ENABLE_OBJC_ARC = YES;
				CLANG_WARN_BOOL_CONVERSION = YES;
				CLANG_WARN_CONSTANT_CONVERSION = YES;
				CLANG_WARN_DIRECT_OBJC_ISA_USAGE = YES_ERROR;
				CLANG_WARN_EMPTY_BODY = YES;
				CLANG_WARN_ENUM_CONVERSION = YES;
				CLANG_WARN_INT_CONVERSION = YES;
				CLANG_WARN_OBJC_ROOT_CLASS = YES_ERROR;
				CLANG_WARN_UNREACHABLE_CODE = YES;
				CLANG_WARN__DUPLICATE_METHOD_MATCH = YES;
				"CODE_SIGN_IDENTITY[sdk=iphoneos*]" = "iPhone Developer";
				COPY_PHASE_STRIP = NO;
				ENABLE_STRICT_OBJC_MSGSEND = YES;
				GCC_C_LANGUAGE_STANDARD = gnu99;
				GCC_DYNAMIC_NO_PIC = NO;
				GCC_OPTIMIZATION_LEVEL = 0;
				GCC_PREPROCESSOR_DEFINITIONS = (
					"DEBUG=1",
					"$(inherited)",
				);
				GCC_SYMBOLS_PRIVATE_EXTERN = NO;
				GCC_WARN_64_TO_32_BIT_CONVERSION = YES;
				GCC_WARN_ABOUT_RETURN_TYPE = YES_ERROR;
				GCC_WARN_UNDECLARED_SELECTOR = YES;
				GCC_WARN_UNINITIALIZED_AUTOS = YES_AGGRESSIVE;
				GCC_WARN_UNUSED_FUNCTION = YES;
				GCC_WARN_UNUSED_VARIABLE = YES;
				IPHONEOS_DEPLOYMENT_TARGET = 8.1;
				MTL_ENABLE_DEBUG_INFO = YES;
				ONLY_ACTIVE_ARCH = YES;
				SDKROOT = iphoneos;
				SWIFT_OPTIMIZATION_LEVEL = "-Onone";
				TARGETED_DEVICE_FAMILY = "1,2";
			};
			name = Debug;
		};
		A1D268821B6CE3FF0042FBB8 /* Release */ = {
			isa = XCBuildConfiguration;
			buildSettings = {
				ALWAYS_SEARCH_USER_PATHS = NO;
				CLANG_CXX_LANGUAGE_STANDARD = "gnu++0x";
				CLANG_CXX_LIBRARY = "libc++";
				CLANG_ENABLE_MODULES = YES;
				CLANG_ENABLE_OBJC_ARC = YES;
				CLANG_WARN_BOOL_CONVERSION = YES;
				CLANG_WARN_CONSTANT_CONVERSION = YES;
				CLANG_WARN_DIRECT_OBJC_ISA_USAGE = YES_ERROR;
				CLANG_WARN_EMPTY_BODY = YES;
				CLANG_WARN_ENUM_CONVERSION = YES;
				CLANG_WARN_INT_CONVERSION = YES;
				CLANG_WARN_OBJC_ROOT_CLASS = YES_ERROR;
				CLANG_WARN_UNREACHABLE_CODE = YES;
				CLANG_WARN__DUPLICATE_METHOD_MATCH = YES;
				"CODE_SIGN_IDENTITY[sdk=iphoneos*]" = "iPhone Developer";
				COPY_PHASE_STRIP = YES;
				ENABLE_NS_ASSERTIONS = NO;
				ENABLE_STRICT_OBJC_MSGSEND = YES;
				GCC_C_LANGUAGE_STANDARD = gnu99;
				GCC_WARN_64_TO_32_BIT_CONVERSION = YES;
				GCC_WARN_ABOUT_RETURN_TYPE = YES_ERROR;
				GCC_WARN_UNDECLARED_SELECTOR = YES;
				GCC_WARN_UNINITIALIZED_AUTOS = YES_AGGRESSIVE;
				GCC_WARN_UNUSED_FUNCTION = YES;
				GCC_WARN_UNUSED_VARIABLE = YES;
				IPHONEOS_DEPLOYMENT_TARGET = 8.1;
				MTL_ENABLE_DEBUG_INFO = NO;
				SDKROOT = iphoneos;
				TARGETED_DEVICE_FAMILY = "1,2";
				VALIDATE_PRODUCT = YES;
			};
			name = Release;
		};
		A1D268841B6CE3FF0042FBB8 /* Debug */ = {
			isa = XCBuildConfiguration;
			buildSettings = {
				ASSETCATALOG_COMPILER_APPICON_NAME = AppIcon;
				INFOPLIST_FILE = timeSlotApplication/Info.plist;
				LD_RUNPATH_SEARCH_PATHS = "$(inherited) @executable_path/Frameworks";
				PRODUCT_NAME = "$(TARGET_NAME)";
			};
			name = Debug;
		};
		A1D268851B6CE3FF0042FBB8 /* Release */ = {
			isa = XCBuildConfiguration;
			buildSettings = {
				ASSETCATALOG_COMPILER_APPICON_NAME = AppIcon;
				INFOPLIST_FILE = timeSlotApplication/Info.plist;
				LD_RUNPATH_SEARCH_PATHS = "$(inherited) @executable_path/Frameworks";
				PRODUCT_NAME = "$(TARGET_NAME)";
			};
			name = Release;
		};
		A1D268871B6CE3FF0042FBB8 /* Debug */ = {
			isa = XCBuildConfiguration;
			buildSettings = {
				BUNDLE_LOADER = "$(TEST_HOST)";
				FRAMEWORK_SEARCH_PATHS = (
					"$(SDKROOT)/Developer/Library/Frameworks",
					"$(inherited)",
				);
				GCC_PREPROCESSOR_DEFINITIONS = (
					"DEBUG=1",
					"$(inherited)",
				);
				INFOPLIST_FILE = timeSlotApplicationTests/Info.plist;
				LD_RUNPATH_SEARCH_PATHS = "$(inherited) @executable_path/Frameworks @loader_path/Frameworks";
				PRODUCT_NAME = "$(TARGET_NAME)";
				TEST_HOST = "$(BUILT_PRODUCTS_DIR)/timeSlotApplication.app/timeSlotApplication";
			};
			name = Debug;
		};
		A1D268881B6CE3FF0042FBB8 /* Release */ = {
			isa = XCBuildConfiguration;
			buildSettings = {
				BUNDLE_LOADER = "$(TEST_HOST)";
				FRAMEWORK_SEARCH_PATHS = (
					"$(SDKROOT)/Developer/Library/Frameworks",
					"$(inherited)",
				);
				INFOPLIST_FILE = timeSlotApplicationTests/Info.plist;
				LD_RUNPATH_SEARCH_PATHS = "$(inherited) @executable_path/Frameworks @loader_path/Frameworks";
				PRODUCT_NAME = "$(TARGET_NAME)";
				TEST_HOST = "$(BUILT_PRODUCTS_DIR)/timeSlotApplication.app/timeSlotApplication";
			};
			name = Release;
		};
/* End XCBuildConfiguration section */

/* Begin XCConfigurationList section */
		A1D2685F1B6CE3FE0042FBB8 /* Build configuration list for PBXProject "timeSlotApplication" */ = {
			isa = XCConfigurationList;
			buildConfigurations = (
				A1D268811B6CE3FF0042FBB8 /* Debug */,
				A1D268821B6CE3FF0042FBB8 /* Release */,
			);
			defaultConfigurationIsVisible = 0;
			defaultConfigurationName = Release;
		};
		A1D268831B6CE3FF0042FBB8 /* Build configuration list for PBXNativeTarget "timeSlotApplication" */ = {
			isa = XCConfigurationList;
			buildConfigurations = (
				A1D268841B6CE3FF0042FBB8 /* Debug */,
				A1D268851B6CE3FF0042FBB8 /* Release */,
			);
			defaultConfigurationIsVisible = 0;
		};
		A1D268861B6CE3FF0042FBB8 /* Build configuration list for PBXNativeTarget "timeSlotApplicationTests" */ = {
			isa = XCConfigurationList;
			buildConfigurations = (
				A1D268871B6CE3FF0042FBB8 /* Debug */,
				A1D268881B6CE3FF0042FBB8 /* Release */,
			);
			defaultConfigurationIsVisible = 0;
		};
/* End XCConfigurationList section */
	};
	rootObject = A1D2685C1B6CE3FE0042FBB8 /* Project object */;
}
